<Solution>
  <Folder Name="/aspire/">
    <Project Path="aspire/Clovance.AppHost/Clovance.AppHost.csproj" />
    <Project Path="aspire/Clovance.ServiceDefaults/Clovance.ServiceDefaults.csproj" />
  </Folder>
  <Folder Name="/src/">
    <Project Path="src/Clovance.ApiService/Clovance.ApiService.csproj" />
  </Folder>
  <Folder Name="/tests/">
    <Project Path="tests/Clovance.Tests/Clovance.Tests.csproj" />
  </Folder>
</Solution>
